
Microsoft Visual Studio Solution File, Format Version 12.00
# Visual Studio 14
VisualStudioVersion = 14.0.25420.1
MinimumVisualStudioVersion = 10.0.40219.1
Project("{FAE04EC0-301F-11D3-BF4B-00C04F79EFBC}") = "NapackServer", "server\NapackServer.csproj", "{7AD6DDEF-65DC-42A4-A2B9-2B7BAEBC3191}"
EndProject
Project("{FAE04EC0-301F-11D3-BF4B-00C04F79EFBC}") = "NapackCommon", "common\NapackCommon\NapackCommon.csproj", "{7B703C18-18CD-4849-B486-4583C30C4D67}"
EndProject
Project("{FAE04EC0-301F-11D3-BF4B-00C04F79EFBC}") = "NapackClient", "client\NapackClient\NapackClient.csproj", "{3A5273D0-2BF4-481E-B0ED-81D93322D5CC}"
EndProject
Project("{FAE04EC0-301F-11D3-BF4B-00C04F79EFBC}") = "NapackAnalyst", "NapackAnalyst\NapackAnalyst.csproj", "{720175CD-CCC6-4AD3-9F30-DB5B91426921}"
EndProject
Project("{FAE04EC0-301F-11D3-BF4B-00C04F79EFBC}") = "NapackAnalystTests", "NapackAnalystTests\NapackAnalystTests.csproj", "{20D86DF6-FAE1-4BEA-B538-C807E77BFACD}"
EndProject
Project("{FAE04EC0-301F-11D3-BF4B-00C04F79EFBC}") = "NapackSystemTests", "NapackSystemTests\NapackSystemTests.csproj", "{F70AD21B-9EA2-4B69-A724-E2FAFF2270D2}"
EndProject
Project("{FAE04EC0-301F-11D3-BF4B-00C04F79EFBC}") = "NapackClient.Common", "NapackClient.Common\NapackClient.Common.csproj", "{1B97736A-C184-4AA6-96BB-F21ACDFEA297}"
EndProject
Project("{FAE04EC0-301F-11D3-BF4B-00C04F79EFBC}") = "Demo", "Demo\Demo.csproj", "{C8B5EF71-393B-46F6-9F83-697A3369809B}"
EndProject
Project("{FAE04EC0-301F-11D3-BF4B-00C04F79EFBC}") = "MonoDemo", "MonoSqlLiteDemo\MonoDemo.csproj", "{83CE94E9-0790-456B-960B-FEF48156D979}"
EndProject
Project("{FAE04EC0-301F-11D3-BF4B-00C04F79EFBC}") = "NapackExtension", "NapackExtension\NapackExtension.csproj", "{2624C6FC-C207-48DB-8D36-328610E6B871}"
EndProject
Global
	GlobalSection(SolutionConfigurationPlatforms) = preSolution
		Debug|Any CPU = Debug|Any CPU
		Release|Any CPU = Release|Any CPU
	EndGlobalSection
	GlobalSection(ProjectConfigurationPlatforms) = postSolution
		{7AD6DDEF-65DC-42A4-A2B9-2B7BAEBC3191}.Debug|Any CPU.ActiveCfg = Debug|Any CPU
		{7AD6DDEF-65DC-42A4-A2B9-2B7BAEBC3191}.Debug|Any CPU.Build.0 = Debug|Any CPU
		{7AD6DDEF-65DC-42A4-A2B9-2B7BAEBC3191}.Release|Any CPU.ActiveCfg = Release|Any CPU
		{7AD6DDEF-65DC-42A4-A2B9-2B7BAEBC3191}.Release|Any CPU.Build.0 = Release|Any CPU
		{7B703C18-18CD-4849-B486-4583C30C4D67}.Debug|Any CPU.ActiveCfg = Debug|Any CPU
		{7B703C18-18CD-4849-B486-4583C30C4D67}.Debug|Any CPU.Build.0 = Debug|Any CPU
		{7B703C18-18CD-4849-B486-4583C30C4D67}.Release|Any CPU.ActiveCfg = Release|Any CPU
		{7B703C18-18CD-4849-B486-4583C30C4D67}.Release|Any CPU.Build.0 = Release|Any CPU
		{3A5273D0-2BF4-481E-B0ED-81D93322D5CC}.Debug|Any CPU.ActiveCfg = Debug|Any CPU
		{3A5273D0-2BF4-481E-B0ED-81D93322D5CC}.Debug|Any CPU.Build.0 = Debug|Any CPU
		{3A5273D0-2BF4-481E-B0ED-81D93322D5CC}.Release|Any CPU.ActiveCfg = Release|Any CPU
		{3A5273D0-2BF4-481E-B0ED-81D93322D5CC}.Release|Any CPU.Build.0 = Release|Any CPU
		{720175CD-CCC6-4AD3-9F30-DB5B91426921}.Debug|Any CPU.ActiveCfg = Debug|Any CPU
		{720175CD-CCC6-4AD3-9F30-DB5B91426921}.Debug|Any CPU.Build.0 = Debug|Any CPU
		{720175CD-CCC6-4AD3-9F30-DB5B91426921}.Release|Any CPU.ActiveCfg = Release|Any CPU
		{720175CD-CCC6-4AD3-9F30-DB5B91426921}.Release|Any CPU.Build.0 = Release|Any CPU
		{20D86DF6-FAE1-4BEA-B538-C807E77BFACD}.Debug|Any CPU.ActiveCfg = Debug|Any CPU
		{20D86DF6-FAE1-4BEA-B538-C807E77BFACD}.Debug|Any CPU.Build.0 = Debug|Any CPU
		{20D86DF6-FAE1-4BEA-B538-C807E77BFACD}.Release|Any CPU.ActiveCfg = Release|Any CPU
		{20D86DF6-FAE1-4BEA-B538-C807E77BFACD}.Release|Any CPU.Build.0 = Release|Any CPU
		{F70AD21B-9EA2-4B69-A724-E2FAFF2270D2}.Debug|Any CPU.ActiveCfg = Debug|Any CPU
		{F70AD21B-9EA2-4B69-A724-E2FAFF2270D2}.Debug|Any CPU.Build.0 = Debug|Any CPU
		{F70AD21B-9EA2-4B69-A724-E2FAFF2270D2}.Release|Any CPU.ActiveCfg = Release|Any CPU
		{F70AD21B-9EA2-4B69-A724-E2FAFF2270D2}.Release|Any CPU.Build.0 = Release|Any CPU
		{1B97736A-C184-4AA6-96BB-F21ACDFEA297}.Debug|Any CPU.ActiveCfg = Debug|Any CPU
		{1B97736A-C184-4AA6-96BB-F21ACDFEA297}.Debug|Any CPU.Build.0 = Debug|Any CPU
		{1B97736A-C184-4AA6-96BB-F21ACDFEA297}.Release|Any CPU.ActiveCfg = Release|Any CPU
		{1B97736A-C184-4AA6-96BB-F21ACDFEA297}.Release|Any CPU.Build.0 = Release|Any CPU
		{C8B5EF71-393B-46F6-9F83-697A3369809B}.Debug|Any CPU.ActiveCfg = Debug|Any CPU
		{C8B5EF71-393B-46F6-9F83-697A3369809B}.Debug|Any CPU.Build.0 = Debug|Any CPU
		{C8B5EF71-393B-46F6-9F83-697A3369809B}.Release|Any CPU.ActiveCfg = Release|Any CPU
		{C8B5EF71-393B-46F6-9F83-697A3369809B}.Release|Any CPU.Build.0 = Release|Any CPU
		{83CE94E9-0790-456B-960B-FEF48156D979}.Debug|Any CPU.ActiveCfg = Debug|Any CPU
		{83CE94E9-0790-456B-960B-FEF48156D979}.Debug|Any CPU.Build.0 = Debug|Any CPU
		{83CE94E9-0790-456B-960B-FEF48156D979}.Release|Any CPU.ActiveCfg = Release|Any CPU
		{83CE94E9-0790-456B-960B-FEF48156D979}.Release|Any CPU.Build.0 = Release|Any CPU
		{2624C6FC-C207-48DB-8D36-328610E6B871}.Debug|Any CPU.ActiveCfg = Debug|Any CPU
		{2624C6FC-C207-48DB-8D36-328610E6B871}.Debug|Any CPU.Build.0 = Debug|Any CPU
		{2624C6FC-C207-48DB-8D36-328610E6B871}.Release|Any CPU.ActiveCfg = Release|Any CPU
		{2624C6FC-C207-48DB-8D36-328610E6B871}.Release|Any CPU.Build.0 = Release|Any CPU
	EndGlobalSection
	GlobalSection(SolutionProperties) = preSolution
		HideSolutionNode = FALSE
	EndGlobalSection
EndGlobal
