{
  "basicVector": [
    {
      "major": 1,
      "minor": 0,
      "patch": 0,
      "authors": [
        "Gustave Granroth"
      ],
      "files": {},
      "license": {
        "licenseType": 0,
        "licenseText": null
      },
      "dependencies": []
    }
  ],
  "basicVector.Core": [
    {
      "major": 1,
      "minor": 0,
      "patch": 0,
      "authors": [
        "Gustave Granroth"
      ],
      "files": {},
      "license": {
        "licenseType": 0,
        "licenseText": null
      },
      "dependencies": [
        {
          "name": "BasicVector",
          "major": 1
        }
      ]
    }
  ]
}